// !$*UTF8*$!
{
	archiveVersion = 1;
	classes = {
	};
	objectVersion = 46;
	objects = {

/* Begin PBXBuildFile section */
		0E0DD0061EA0CBBC005710D0 /* AppDelegate.swift in Sources */ = {isa = PBXBuildFile; fileRef = 0E0DD0051EA0CBBC005710D0 /* AppDelegate.swift */; };
		0E0DD0081EA0CBBC005710D0 /* ViewController.swift in Sources */ = {isa = PBXBuildFile; fileRef = 0E0DD0071EA0CBBC005710D0 /* ViewController.swift */; };
		0E0DD00B1EA0CBBC005710D0 /* Main.storyboard in Resources */ = {isa = PBXBuildFile; fileRef = 0E0DD0091EA0CBBC005710D0 /* Main.storyboard */; };
		0E0DD00D1EA0CBBC005710D0 /* Assets.xcassets in Resources */ = {isa = PBXBuildFile; fileRef = 0E0DD00C1EA0CBBC005710D0 /* Assets.xcassets */; };
		0E0DD0101EA0CBBC005710D0 /* LaunchScreen.storyboard in Resources */ = {isa = PBXBuildFile; fileRef = 0E0DD00E1EA0CBBC005710D0 /* LaunchScreen.storyboard */; };
		378CE5DD12EB526058084DCF /* Pods_fe_elmla3eb.framework in Frameworks */ = {isa = PBXBuildFile; fileRef = 31BD14353465C7C441F611B3 /* Pods_fe_elmla3eb.framework */; };
/* End PBXBuildFile section */

/* Begin PBXFileReference section */
		0E0DD0021EA0CBBC005710D0 /* fe elmla3eb.app */ = {isa = PBXFileReference; explicitFileType = wrapper.application; includeInIndex = 0; path = "fe elmla3eb.app"; sourceTree = BUILT_PRODUCTS_DIR; };
		0E0DD0051EA0CBBC005710D0 /* AppDelegate.swift */ = {isa = PBXFileReference; lastKnownFileType = sourcecode.swift; path = AppDelegate.swift; sourceTree = "<group>"; };
		0E0DD0071EA0CBBC005710D0 /* ViewController.swift */ = {isa = PBXFileReference; lastKnownFileType = sourcecode.swift; path = ViewController.swift; sourceTree = "<group>"; };
		0E0DD00A1EA0CBBC005710D0 /* Base */ = {isa = PBXFileReference; lastKnownFileType = file.storyboard; name = Base; path = Base.lproj/Main.storyboard; sourceTree = "<group>"; };
		0E0DD00C1EA0CBBC005710D0 /* Assets.xcassets */ = {isa = PBXFileReference; lastKnownFileType = folder.assetcatalog; path = Assets.xcassets; sourceTree = "<group>"; };
		0E0DD00F1EA0CBBC005710D0 /* Base */ = {isa = PBXFileReference; lastKnownFileType = file.storyboard; name = Base; path = Base.lproj/LaunchScreen.storyboard; sourceTree = "<group>"; };
		0E0DD0111EA0CBBC005710D0 /* Info.plist */ = {isa = PBXFileReference; lastKnownFileType = text.plist.xml; path = Info.plist; sourceTree = "<group>"; };
		2AE52513EEEF1CF4DB68A8CD /* Pods-fe elmla3eb.debug.xcconfig */ = {isa = PBXFileReference; includeInIndex = 1; lastKnownFileType = text.xcconfig; name = "Pods-fe elmla3eb.debug.xcconfig"; path = "Pods/Target Support Files/Pods-fe elmla3eb/Pods-fe elmla3eb.debug.xcconfig"; sourceTree = "<group>"; };
		31BD14353465C7C441F611B3 /* Pods_fe_elmla3eb.framework */ = {isa = PBXFileReference; explicitFileType = wrapper.framework; includeInIndex = 0; path = Pods_fe_elmla3eb.framework; sourceTree = BUILT_PRODUCTS_DIR; };
		D6BCACB547D576F40F211E1E /* Pods-fe elmla3eb.release.xcconfig */ = {isa = PBXFileReference; includeInIndex = 1; lastKnownFileType = text.xcconfig; name = "Pods-fe elmla3eb.release.xcconfig"; path = "Pods/Target Support Files/Pods-fe elmla3eb/Pods-fe elmla3eb.release.xcconfig"; sourceTree = "<group>"; };
/* End PBXFileReference section */

/* Begin PBXFrameworksBuildPhase section */
		0E0DCFFF1EA0CBBC005710D0 /* Frameworks */ = {
			isa = PBXFrameworksBuildPhase;
			buildActionMask = 2147483647;
			files = (
				378CE5DD12EB526058084DCF /* Pods_fe_elmla3eb.framework in Frameworks */,
			);
			runOnlyForDeploymentPostprocessing = 0;
		};
/* End PBXFrameworksBuildPhase section */

/* Begin PBXGroup section */
		0E0DCFF91EA0CBBC005710D0 = {
			isa = PBXGroup;
			children = (
				0E0DD0041EA0CBBC005710D0 /* fe elmla3eb */,
				0E0DD0031EA0CBBC005710D0 /* Products */,
				B2AF7DA5C257261289F63E40 /* Pods */,
				9B57CF621134D2B6A136F1C0 /* Frameworks */,
			);
			sourceTree = "<group>";
		};
		0E0DD0031EA0CBBC005710D0 /* Products */ = {
			isa = PBXGroup;
			children = (
				0E0DD0021EA0CBBC005710D0 /* fe elmla3eb.app */,
			);
			name = Products;
			sourceTree = "<group>";
		};
		0E0DD0041EA0CBBC005710D0 /* fe elmla3eb */ = {
			isa = PBXGroup;
			children = (
				0E0DD0051EA0CBBC005710D0 /* AppDelegate.swift */,
				0E0DD0071EA0CBBC005710D0 /* ViewController.swift */,
				0E0DD0091EA0CBBC005710D0 /* Main.storyboard */,
				0E0DD00C1EA0CBBC005710D0 /* Assets.xcassets */,
				0E0DD00E1EA0CBBC005710D0 /* LaunchScreen.storyboard */,
				0E0DD0111EA0CBBC005710D0 /* Info.plist */,
			);
			path = "fe elmla3eb";
			sourceTree = "<group>";
		};
		9B57CF621134D2B6A136F1C0 /* Frameworks */ = {
			isa = PBXGroup;
			children = (
				31BD14353465C7C441F611B3 /* Pods_fe_elmla3eb.framework */,
			);
			name = Frameworks;
			sourceTree = "<group>";
		};
		B2AF7DA5C257261289F63E40 /* Pods */ = {
			isa = PBXGroup;
			children = (
				2AE52513EEEF1CF4DB68A8CD /* Pods-fe elmla3eb.debug.xcconfig */,
				D6BCACB547D576F40F211E1E /* Pods-fe elmla3eb.release.xcconfig */,
			);
			name = Pods;
			sourceTree = "<group>";
		};
/* End PBXGroup section */

/* Begin PBXNativeTarget section */
		0E0DD0011EA0CBBC005710D0 /* fe elmla3eb */ = {
			isa = PBXNativeTarget;
			buildConfigurationList = 0E0DD0141EA0CBBC005710D0 /* Build configuration list for PBXNativeTarget "fe elmla3eb" */;
			buildPhases = (
				B282E8DEE4D086BEBAB6DFCA /* [CP] Check Pods Manifest.lock */,
				0E0DCFFE1EA0CBBC005710D0 /* Sources */,
				0E0DCFFF1EA0CBBC005710D0 /* Frameworks */,
				0E0DD0001EA0CBBC005710D0 /* Resources */,
				C01A99FD0007958DE23DCE6A /* [CP] Embed Pods Frameworks */,
				3C5A04F59157DA27909EC28C /* [CP] Copy Pods Resources */,
			);
			buildRules = (
			);
			dependencies = (
			);
			name = "fe elmla3eb";
			productName = "fe elmla3eb";
			productReference = 0E0DD0021EA0CBBC005710D0 /* fe elmla3eb.app */;
			productType = "com.apple.product-type.application";
		};
/* End PBXNativeTarget section */

/* Begin PBXProject section */
		0E0DCFFA1EA0CBBC005710D0 /* Project object */ = {
			isa = PBXProject;
			attributes = {
				LastSwiftUpdateCheck = 0820;
				LastUpgradeCheck = 0820;
				ORGANIZATIONNAME = "mouhammed ali";
				TargetAttributes = {
					0E0DD0011EA0CBBC005710D0 = {
						CreatedOnToolsVersion = 8.2.1;
						ProvisioningStyle = Automatic;
					};
				};
			};
			buildConfigurationList = 0E0DCFFD1EA0CBBC005710D0 /* Build configuration list for PBXProject "fe elmla3eb" */;
			compatibilityVersion = "Xcode 3.2";
			developmentRegion = English;
			hasScannedForEncodings = 0;
			knownRegions = (
				en,
				Base,
			);
			mainGroup = 0E0DCFF91EA0CBBC005710D0;
			productRefGroup = 0E0DD0031EA0CBBC005710D0 /* Products */;
			projectDirPath = "";
			projectRoot = "";
			targets = (
				0E0DD0011EA0CBBC005710D0 /* fe elmla3eb */,
			);
		};
/* End PBXProject section */

/* Begin PBXResourcesBuildPhase section */
		0E0DD0001EA0CBBC005710D0 /* Resources */ = {
			isa = PBXResourcesBuildPhase;
			buildActionMask = 2147483647;
			files = (
				0E0DD0101EA0CBBC005710D0 /* LaunchScreen.storyboard in Resources */,
				0E0DD00D1EA0CBBC005710D0 /* Assets.xcassets in Resources */,
				0E0DD00B1EA0CBBC005710D0 /* Main.storyboard in Resources */,
			);
			runOnlyForDeploymentPostprocessing = 0;
		};
/* End PBXResourcesBuildPhase section */

/* Begin PBXShellScriptBuildPhase section */
		3C5A04F59157DA27909EC28C /* [CP] Copy Pods Resources */ = {
			isa = PBXShellScriptBuildPhase;
			buildActionMask = 2147483647;
			files = (
			);
			inputPaths = (
			);
			name = "[CP] Copy Pods Resources";
			outputPaths = (
			);
			runOnlyForDeploymentPostprocessing = 0;
			shellPath = /bin/sh;
			shellScript = "\"${SRCROOT}/Pods/Target Support Files/Pods-fe elmla3eb/Pods-fe elmla3eb-resources.sh\"\n";
			showEnvVarsInLog = 0;
		};
		B282E8DEE4D086BEBAB6DFCA /* [CP] Check Pods Manifest.lock */ = {
			isa = PBXShellScriptBuildPhase;
			buildActionMask = 2147483647;
			files = (
			);
			inputPaths = (
			);
			name = "[CP] Check Pods Manifest.lock";
			outputPaths = (
			);
			runOnlyForDeploymentPostprocessing = 0;
			shellPath = /bin/sh;
			shellScript = "diff \"${PODS_ROOT}/../Podfile.lock\" \"${PODS_ROOT}/Manifest.lock\" > /dev/null\nif [ $? != 0 ] ; then\n    # print error to STDERR\n    echo \"error: The sandbox is not in sync with the Podfile.lock. Run 'pod install' or update your CocoaPods installation.\" >&2\n    exit 1\nfi\n";
			showEnvVarsInLog = 0;
		};
		C01A99FD0007958DE23DCE6A /* [CP] Embed Pods Frameworks */ = {
			isa = PBXShellScriptBuildPhase;
			buildActionMask = 2147483647;
			files = (
			);
			inputPaths = (
			);
			name = "[CP] Embed Pods Frameworks";
			outputPaths = (
			);
			runOnlyForDeploymentPostprocessing = 0;
			shellPath = /bin/sh;
			shellScript = "\"${SRCROOT}/Pods/Target Support Files/Pods-fe elmla3eb/Pods-fe elmla3eb-frameworks.sh\"\n";
			showEnvVarsInLog = 0;
		};
/* End PBXShellScriptBuildPhase section */

/* Begin PBXSourcesBuildPhase section */
		0E0DCFFE1EA0CBBC005710D0 /* Sources */ = {
			isa = PBXSourcesBuildPhase;
			buildActionMask = 2147483647;
			files = (
				0E0DD0081EA0CBBC005710D0 /* ViewController.swift in Sources */,
				0E0DD0061EA0CBBC005710D0 /* AppDelegate.swift in Sources */,
			);
			runOnlyForDeploymentPostprocessing = 0;
		};
/* End PBXSourcesBuildPhase section */

/* Begin PBXVariantGroup section */
		0E0DD0091EA0CBBC005710D0 /* Main.storyboard */ = {
			isa = PBXVariantGroup;
			children = (
				0E0DD00A1EA0CBBC005710D0 /* Base */,
			);
			name = Main.storyboard;
			sourceTree = "<group>";
		};
		0E0DD00E1EA0CBBC005710D0 /* LaunchScreen.storyboard */ = {
			isa = PBXVariantGroup;
			children = (
				0E0DD00F1EA0CBBC005710D0 /* Base */,
			);
			name = LaunchScreen.storyboard;
			sourceTree = "<group>";
		};
/* End PBXVariantGroup section */

/* Begin XCBuildConfiguration section */
		0E0DD0121EA0CBBC005710D0 /* Debug */ = {
			isa = XCBuildConfiguration;
			buildSettings = {
				ALWAYS_SEARCH_USER_PATHS = NO;
				CLANG_ANALYZER_NONNULL = YES;
				CLANG_CXX_LANGUAGE_STANDARD = "gnu++0x";
				CLANG_CXX_LIBRARY = "libc++";
				CLANG_ENABLE_MODULES = YES;
				CLANG_ENABLE_OBJC_ARC = YES;
				CLANG_WARN_BOOL_CONVERSION = YES;
				CLANG_WARN_CONSTANT_CONVERSION = YES;
				CLANG_WARN_DIRECT_OBJC_ISA_USAGE = YES_ERROR;
				CLANG_WARN_DOCUMENTATION_COMMENTS = YES;
				CLANG_WARN_EMPTY_BODY = YES;
				CLANG_WARN_ENUM_CONVERSION = YES;
				CLANG_WARN_INFINITE_RECURSION = YES;
				CLANG_WARN_INT_CONVERSION = YES;
				CLANG_WARN_OBJC_ROOT_CLASS = YES_ERROR;
				CLANG_WARN_SUSPICIOUS_MOVE = YES;
				CLANG_WARN_UNREACHABLE_CODE = YES;
				CLANG_WARN__DUPLICATE_METHOD_MATCH = YES;
				"CODE_SIGN_IDENTITY[sdk=iphoneos*]" = "iPhone Developer";
				COPY_PHASE_STRIP = NO;
				DEBUG_INFORMATION_FORMAT = dwarf;
				ENABLE_STRICT_OBJC_MSGSEND = YES;
				ENABLE_TESTABILITY = YES;
				GCC_C_LANGUAGE_STANDARD = gnu99;
				GCC_DYNAMIC_NO_PIC = NO;
				GCC_NO_COMMON_BLOCKS = YES;
				GCC_OPTIMIZATION_LEVEL = 0;
				GCC_PREPROCESSOR_DEFINITIONS = (
					"DEBUG=1",
					"$(inherited)",
				);
				GCC_WARN_64_TO_32_BIT_CONVERSION = YES;
				GCC_WARN_ABOUT_RETURN_TYPE = YES_ERROR;
				GCC_WARN_UNDECLARED_SELECTOR = YES;
				GCC_WARN_UNINITIALIZED_AUTOS = YES_AGGRESSIVE;
				GCC_WARN_UNUSED_FUNCTION = YES;
				GCC_WARN_UNUSED_VARIABLE = YES;
				IPHONEOS_DEPLOYMENT_TARGET = 10.2;
				MTL_ENABLE_DEBUG_INFO = YES;
				ONLY_ACTIVE_ARCH = YES;
				SDKROOT = iphoneos;
				SWIFT_ACTIVE_COMPILATION_CONDITIONS = DEBUG;
				SWIFT_OPTIMIZATION_LEVEL = "-Onone";
				TARGETED_DEVICE_FAMILY = "1,2";
			};
			name = Debug;
		};
		0E0DD0131EA0CBBC005710D0 /* Release */ = {
			isa = XCBuildConfiguration;
			buildSettings = {
				ALWAYS_SEARCH_USER_PATHS = NO;
				CLANG_ANALYZER_NONNULL = YES;
				CLANG_CXX_LANGUAGE_STANDARD = "gnu++0x";
				CLANG_CXX_LIBRARY = "libc++";
				CLANG_ENABLE_MODULES = YES;
				CLANG_ENABLE_OBJC_ARC = YES;
				CLANG_WARN_BOOL_CONVERSION = YES;
				CLANG_WARN_CONSTANT_CONVERSION = YES;
				CLANG_WARN_DIRECT_OBJC_ISA_USAGE = YES_ERROR;
				CLANG_WARN_DOCUMENTATION_COMMENTS = YES;
				CLANG_WARN_EMPTY_BODY = YES;
				CLANG_WARN_ENUM_CONVERSION = YES;
				CLANG_WARN_INFINITE_RECURSION = YES;
				CLANG_WARN_INT_CONVERSION = YES;
				CLANG_WARN_OBJC_ROOT_CLASS = YES_ERROR;
				CLANG_WARN_SUSPICIOUS_MOVE = YES;
				CLANG_WARN_UNREACHABLE_CODE = YES;
				CLANG_WARN__DUPLICATE_METHOD_MATCH = YES;
				"CODE_SIGN_IDENTITY[sdk=iphoneos*]" = "iPhone Developer";
				COPY_PHASE_STRIP = NO;
				DEBUG_INFORMATION_FORMAT = "dwarf-with-dsym";
				ENABLE_NS_ASSERTIONS = NO;
				ENABLE_STRICT_OBJC_MSGSEND = YES;
				GCC_C_LANGUAGE_STANDARD = gnu99;
				GCC_NO_COMMON_BLOCKS = YES;
				GCC_WARN_64_TO_32_BIT_CONVERSION = YES;
				GCC_WARN_ABOUT_RETURN_TYPE = YES_ERROR;
				GCC_WARN_UNDECLARED_SELECTOR = YES;
				GCC_WARN_UNINITIALIZED_AUTOS = YES_AGGRESSIVE;
				GCC_WARN_UNUSED_FUNCTION = YES;
				GCC_WARN_UNUSED_VARIABLE = YES;
				IPHONEOS_DEPLOYMENT_TARGET = 10.2;
				MTL_ENABLE_DEBUG_INFO = NO;
				SDKROOT = iphoneos;
				SWIFT_OPTIMIZATION_LEVEL = "-Owholemodule";
				TARGETED_DEVICE_FAMILY = "1,2";
				VALIDATE_PRODUCT = YES;
			};
			name = Release;
		};
		0E0DD0151EA0CBBC005710D0 /* Debug */ = {
			isa = XCBuildConfiguration;
			baseConfigurationReference = 2AE52513EEEF1CF4DB68A8CD /* Pods-fe elmla3eb.debug.xcconfig */;
			buildSettings = {
				ASSETCATALOG_COMPILER_APPICON_NAME = AppIcon;
				INFOPLIST_FILE = "fe elmla3eb/Info.plist";
				LD_RUNPATH_SEARCH_PATHS = "$(inherited) @executable_path/Frameworks";
				PRODUCT_BUNDLE_IDENTIFIER = "com.mAli.elnoor.fe-elmla3eb";
				PRODUCT_NAME = "$(TARGET_NAME)";
				SWIFT_VERSION = 3.0;
			};
			name = Debug;
		};
		0E0DD0161EA0CBBC005710D0 /* Release */ = {
			isa = XCBuildConfiguration;
			baseConfigurationReference = D6BCACB547D576F40F211E1E /* Pods-fe elmla3eb.release.xcconfig */;
			buildSettings = {
				ASSETCATALOG_COMPILER_APPICON_NAME = AppIcon;
				INFOPLIST_FILE = "fe elmla3eb/Info.plist";
				LD_RUNPATH_SEARCH_PATHS = "$(inherited) @executable_path/Frameworks";
				PRODUCT_BUNDLE_IDENTIFIER = "com.mAli.elnoor.fe-elmla3eb";
				PRODUCT_NAME = "$(TARGET_NAME)";
				SWIFT_VERSION = 3.0;
			};
			name = Release;
		};
/* End XCBuildConfiguration section */

/* Begin XCConfigurationList section */
		0E0DCFFD1EA0CBBC005710D0 /* Build configuration list for PBXProject "fe elmla3eb" */ = {
			isa = XCConfigurationList;
			buildConfigurations = (
				0E0DD0121EA0CBBC005710D0 /* Debug */,
				0E0DD0131EA0CBBC005710D0 /* Release */,
			);
			defaultConfigurationIsVisible = 0;
			defaultConfigurationName = Release;
		};
		0E0DD0141EA0CBBC005710D0 /* Build configuration list for PBXNativeTarget "fe elmla3eb" */ = {
			isa = XCConfigurationList;
			buildConfigurations = (
				0E0DD0151EA0CBBC005710D0 /* Debug */,
				0E0DD0161EA0CBBC005710D0 /* Release */,
			);
			defaultConfigurationIsVisible = 0;
		};
/* End XCConfigurationList section */
	};
	rootObject = 0E0DCFFA1EA0CBBC005710D0 /* Project object */;
}
